{
  "name": "public",
  "version": "0.0.1",
  "lockfileVersion": 1,
  "requires": true,
  "dependencies": {
    "angular": {
      "version": "1.4.0",
      "resolved": "https://registry.npmjs.org/angular/-/angular-1.4.0.tgz",
      "integrity": "sha1-yksFznSd1AZiwNBmkh8tAanIKhM="
    },
    "angular-route": {
      "version": "1.4.0",
      "resolved": "https://registry.npmjs.org/angular-route/-/angular-route-1.4.0.tgz",
      "integrity": "sha1-WYAAMeFv+hxLwf+8xwP39BcnzsI="
    },
    "bootstrap": {
      "version": "3.3.7",
      "resolved": "https://registry.npmjs.org/bootstrap/-/bootstrap-3.3.7.tgz",
      "integrity": "sha1-WjiTlFSfIzMIdaOxUGVldPip63E="
    },
    "jquery": {
      "version": "3.3.1",
      "resolved": "https://registry.npmjs.org/jquery/-/jquery-3.3.1.tgz",
      "integrity": "sha512-Ubldcmxp5np52/ENotGxlLe6aGMvmF4R8S6tZjsP6Knsaxd/xp3Zrh50cG93lR6nPXyUFwzN3ZSOQI0wRJNdGg=="
    }
  }
}
